
Microsoft Visual Studio Solution File, Format Version 12.00
# Visual Studio Version 17
VisualStudioVersion = 17.4.33103.184
MinimumVisualStudioVersion = 10.0.40219.1
Project("{9A19103F-16F7-4668-BE54-9A1E7A4F7556}") = "Microservices.ConfigServer.Client.MVC", "Microservice.ConfigServer.Client.MVC\Microservices.ConfigServer.Client.MVC.csproj", "{C66263C3-2C60-405C-ABE6-E5090E9569BD}"
EndProject
Project("{9A19103F-16F7-4668-BE54-9A1E7A4F7556}") = "Microservices.ConfigServer.Server", "Microservices.ConfigServer.Server\Microservices.ConfigServer.Server.csproj", "{43650244-C55C-40D5-B76B-D90314A040AF}"
EndProject
Project("{9A19103F-16F7-4668-BE54-9A1E7A4F7556}") = "Microservices.ConfigServer.Eureka", "Microservices.ConfigServer.Eureka\Microservices.ConfigServer.Eureka.csproj", "{64B662B4-FF48-4E0B-BCE1-CB676B6A7637}"
EndProject
Project("{2150E333-8FDC-42A3-9474-1A3956D46DE8}") = "Solution Items", "Solution Items", "{79B73C40-D353-498F-A8D3-728CF7D8243D}"
	ProjectSection(SolutionItems) = preProject
		Docker-Compose.yaml = Docker-Compose.yaml
	EndProjectSection
EndProject
Global
	GlobalSection(SolutionConfigurationPlatforms) = preSolution
		Debug|Any CPU = Debug|Any CPU
		Release|Any CPU = Release|Any CPU
	EndGlobalSection
	GlobalSection(ProjectConfigurationPlatforms) = postSolution
		{C66263C3-2C60-405C-ABE6-E5090E9569BD}.Debug|Any CPU.ActiveCfg = Debug|Any CPU
		{C66263C3-2C60-405C-ABE6-E5090E9569BD}.Debug|Any CPU.Build.0 = Debug|Any CPU
		{C66263C3-2C60-405C-ABE6-E5090E9569BD}.Release|Any CPU.ActiveCfg = Release|Any CPU
		{C66263C3-2C60-405C-ABE6-E5090E9569BD}.Release|Any CPU.Build.0 = Release|Any CPU
		{43650244-C55C-40D5-B76B-D90314A040AF}.Debug|Any CPU.ActiveCfg = Debug|Any CPU
		{43650244-C55C-40D5-B76B-D90314A040AF}.Debug|Any CPU.Build.0 = Debug|Any CPU
		{43650244-C55C-40D5-B76B-D90314A040AF}.Release|Any CPU.ActiveCfg = Release|Any CPU
		{43650244-C55C-40D5-B76B-D90314A040AF}.Release|Any CPU.Build.0 = Release|Any CPU
		{64B662B4-FF48-4E0B-BCE1-CB676B6A7637}.Debug|Any CPU.ActiveCfg = Debug|Any CPU
		{64B662B4-FF48-4E0B-BCE1-CB676B6A7637}.Debug|Any CPU.Build.0 = Debug|Any CPU
		{64B662B4-FF48-4E0B-BCE1-CB676B6A7637}.Release|Any CPU.ActiveCfg = Release|Any CPU
		{64B662B4-FF48-4E0B-BCE1-CB676B6A7637}.Release|Any CPU.Build.0 = Release|Any CPU
	EndGlobalSection
	GlobalSection(SolutionProperties) = preSolution
		HideSolutionNode = FALSE
	EndGlobalSection
	GlobalSection(ExtensibilityGlobals) = postSolution
		SolutionGuid = {B892FC5F-F307-4449-A530-41A2DFDA532A}
	EndGlobalSection
EndGlobal
